// !$*UTF8*$!
{
	archiveVersion = 1;
	classes = {
	};
	objectVersion = 51;
	objects = {

/* Begin PBXBuildFile section */
		D852EF29245FC95F0042923B /* CoreFoundation.framework in Frameworks */ = {isa = PBXBuildFile; fileRef = D852EF28245FC95F0042923B /* CoreFoundation.framework */; };
		D89D815F183D7C5900446B12 /* PlayNotes.cpp in Sources */ = {isa = PBXBuildFile; fileRef = 1001C122FFAE4A3FCFED3B93 /* PlayNotes.cpp */; settings = {ATTRIBUTES = (); }; };
		D89D8161183D7C5900446B12 /* CoreMIDI.framework in Frameworks */ = {isa = PBXBuildFile; fileRef = 01319EB8FF89499DCFED3B93 /* CoreMIDI.framework */; };
		D89D816C183D7C5A00446B12 /* Echo.cpp in Sources */ = {isa = PBXBuildFile; fileRef = 01319EB4FF894950CFED3B93 /* Echo.cpp */; settings = {ATTRIBUTES = (); }; };
		D89D816E183D7C5A00446B12 /* CoreMIDI.framework in Frameworks */ = {isa = PBXBuildFile; fileRef = 01319EB8FF89499DCFED3B93 /* CoreMIDI.framework */; };
/* End PBXBuildFile section */

/* Begin PBXFileReference section */
		01319EB4FF894950CFED3B93 /* Echo.cpp */ = {isa = PBXFileReference; lastKnownFileType = sourcecode.cpp.cpp; path = Echo.cpp; sourceTree = "<group>"; };
		01319EB8FF89499DCFED3B93 /* CoreMIDI.framework */ = {isa = PBXFileReference; lastKnownFileType = wrapper.framework; name = CoreMIDI.framework; path = /System/Library/Frameworks/CoreMIDI.framework; sourceTree = "<absolute>"; };
		1001C122FFAE4A3FCFED3B93 /* PlayNotes.cpp */ = {isa = PBXFileReference; lastKnownFileType = sourcecode.cpp.cpp; path = PlayNotes.cpp; sourceTree = "<group>"; };
		D852EF28245FC95F0042923B /* CoreFoundation.framework */ = {isa = PBXFileReference; lastKnownFileType = wrapper.framework; name = CoreFoundation.framework; path = ../../../../../../../System/Library/Frameworks/CoreFoundation.framework; sourceTree = "<group>"; };
		D89D8167183D7C5900446B12 /* PlayNotes */ = {isa = PBXFileReference; explicitFileType = "compiled.mach-o.executable"; includeInIndex = 0; path = PlayNotes; sourceTree = BUILT_PRODUCTS_DIR; };
		D89D8174183D7C5A00446B12 /* MidiThruTest */ = {isa = PBXFileReference; explicitFileType = "compiled.mach-o.executable"; includeInIndex = 0; path = MidiThruTest; sourceTree = BUILT_PRODUCTS_DIR; };
/* End PBXFileReference section */

/* Begin PBXFrameworksBuildPhase section */
		D89D8160183D7C5900446B12 /* Frameworks */ = {
			isa = PBXFrameworksBuildPhase;
			buildActionMask = 2147483647;
			files = (
				D852EF29245FC95F0042923B /* CoreFoundation.framework in Frameworks */,
				D89D8161183D7C5900446B12 /* CoreMIDI.framework in Frameworks */,
			);
			runOnlyForDeploymentPostprocessing = 0;
		};
		D89D816D183D7C5A00446B12 /* Frameworks */ = {
			isa = PBXFrameworksBuildPhase;
			buildActionMask = 2147483647;
			files = (
				D89D816E183D7C5A00446B12 /* CoreMIDI.framework in Frameworks */,
			);
			runOnlyForDeploymentPostprocessing = 0;
		};
/* End PBXFrameworksBuildPhase section */

/* Begin PBXGroup section */
		01808E37FFBB5EC8CFED3B96 /* External Frameworks */ = {
			isa = PBXGroup;
			children = (
				01319EB8FF89499DCFED3B93 /* CoreMIDI.framework */,
				D852EF28245FC95F0042923B /* CoreFoundation.framework */,
			);
			name = "External Frameworks";
			sourceTree = "<group>";
		};
		08FB7794FE84155DC02AAC07 /* MIDIClientExample */ = {
			isa = PBXGroup;
			children = (
				275A78C200CC5F7ECFED3B96 /* Products */,
				08FB7795FE84155DC02AAC07 /* Source */,
				01808E37FFBB5EC8CFED3B96 /* External Frameworks */,
			);
			name = MIDIClientExample;
			sourceTree = "<group>";
		};
		08FB7795FE84155DC02AAC07 /* Source */ = {
			isa = PBXGroup;
			children = (
				01319EB4FF894950CFED3B93 /* Echo.cpp */,
				1001C122FFAE4A3FCFED3B93 /* PlayNotes.cpp */,
			);
			name = Source;
			sourceTree = "<group>";
		};
		275A78C200CC5F7ECFED3B96 /* Products */ = {
			isa = PBXGroup;
			children = (
				D89D8167183D7C5900446B12 /* PlayNotes */,
				D89D8174183D7C5A00446B12 /* MidiThruTest */,
			);
			name = Products;
			sourceTree = "<group>";
		};
/* End PBXGroup section */

/* Begin PBXHeadersBuildPhase section */
		D89D815D183D7C5900446B12 /* Headers */ = {
			isa = PBXHeadersBuildPhase;
			buildActionMask = 2147483647;
			files = (
			);
			runOnlyForDeploymentPostprocessing = 0;
		};
		D89D816A183D7C5A00446B12 /* Headers */ = {
			isa = PBXHeadersBuildPhase;
			buildActionMask = 2147483647;
			files = (
			);
			runOnlyForDeploymentPostprocessing = 0;
		};
/* End PBXHeadersBuildPhase section */

/* Begin PBXNativeTarget section */
		D89D815C183D7C5900446B12 /* PlayNotes */ = {
			isa = PBXNativeTarget;
			buildConfigurationList = D89D8163183D7C5900446B12 /* Build configuration list for PBXNativeTarget "PlayNotes" */;
			buildPhases = (
				D89D815D183D7C5900446B12 /* Headers */,
				D89D815E183D7C5900446B12 /* Sources */,
				D89D8160183D7C5900446B12 /* Frameworks */,
				D89D8162183D7C5900446B12 /* Rez */,
			);
			buildRules = (
			);
			dependencies = (
			);
			name = PlayNotes;
			productInstallPath = /usr/local/bin;
			productName = PlayNotes;
			productReference = D89D8167183D7C5900446B12 /* PlayNotes */;
			productType = "com.apple.product-type.tool";
		};
		D89D8169183D7C5A00446B12 /* MidiThruTest */ = {
			isa = PBXNativeTarget;
			buildConfigurationList = D89D8170183D7C5A00446B12 /* Build configuration list for PBXNativeTarget "MidiThruTest" */;
			buildPhases = (
				D89D816A183D7C5A00446B12 /* Headers */,
				D89D816B183D7C5A00446B12 /* Sources */,
				D89D816D183D7C5A00446B12 /* Frameworks */,
				D89D816F183D7C5A00446B12 /* Rez */,
			);
			buildRules = (
			);
			dependencies = (
			);
			name = MidiThruTest;
			productInstallPath = /usr/local/bin;
			productName = Echo;
			productReference = D89D8174183D7C5A00446B12 /* MidiThruTest */;
			productType = "com.apple.product-type.tool";
		};
/* End PBXNativeTarget section */

/* Begin PBXProject section */
		08FB7793FE84155DC02AAC07 /* Project object */ = {
			isa = PBXProject;
			attributes = {
				LastUpgradeCheck = 0500;
			};
			buildConfigurationList = D87F9892183D18B200FE7B48 /* Build configuration list for PBXProject "MIDIClientExamples" */;
			compatibilityVersion = "Xcode 10.0";
			developmentRegion = English;
			hasScannedForEncodings = 0;
			knownRegions = (
				English,
				en,
			);
			mainGroup = 08FB7794FE84155DC02AAC07 /* MIDIClientExample */;
			projectDirPath = "";
			projectRoot = "";
			targets = (
				D89D815C183D7C5900446B12 /* PlayNotes */,
				D89D8169183D7C5A00446B12 /* MidiThruTest */,
			);
		};
/* End PBXProject section */

/* Begin PBXRezBuildPhase section */
		D89D8162183D7C5900446B12 /* Rez */ = {
			isa = PBXRezBuildPhase;
			buildActionMask = 2147483647;
			files = (
			);
			runOnlyForDeploymentPostprocessing = 0;
		};
		D89D816F183D7C5A00446B12 /* Rez */ = {
			isa = PBXRezBuildPhase;
			buildActionMask = 2147483647;
			files = (
			);
			runOnlyForDeploymentPostprocessing = 0;
		};
/* End PBXRezBuildPhase section */

/* Begin PBXSourcesBuildPhase section */
		D89D815E183D7C5900446B12 /* Sources */ = {
			isa = PBXSourcesBuildPhase;
			buildActionMask = 2147483647;
			files = (
				D89D815F183D7C5900446B12 /* PlayNotes.cpp in Sources */,
			);
			runOnlyForDeploymentPostprocessing = 0;
		};
		D89D816B183D7C5A00446B12 /* Sources */ = {
			isa = PBXSourcesBuildPhase;
			buildActionMask = 2147483647;
			files = (
				D89D816C183D7C5A00446B12 /* Echo.cpp in Sources */,
			);
			runOnlyForDeploymentPostprocessing = 0;
		};
/* End PBXSourcesBuildPhase section */

/* Begin XCBuildConfiguration section */
		D87F9889183D18B200FE7B48 /* Development */ = {
			isa = XCBuildConfiguration;
			buildSettings = {
			};
			name = Development;
		};
		D87F988A183D18B200FE7B48 /* Deployment */ = {
			isa = XCBuildConfiguration;
			buildSettings = {
			};
			name = Deployment;
		};
		D87F988B183D18B200FE7B48 /* Default */ = {
			isa = XCBuildConfiguration;
			buildSettings = {
			};
			name = Default;
		};
		D89D8164183D7C5900446B12 /* Development */ = {
			isa = XCBuildConfiguration;
			buildSettings = {
				COPY_PHASE_STRIP = NO;
				GCC_DYNAMIC_NO_PIC = NO;
				GCC_ENABLE_FIX_AND_CONTINUE = YES;
				GCC_GENERATE_DEBUGGING_SYMBOLS = YES;
				GCC_OPTIMIZATION_LEVEL = 0;
				INSTALL_PATH = /usr/local/bin;
				OTHER_CFLAGS = "";
				OTHER_LDFLAGS = "";
				OTHER_REZFLAGS = "";
				PRODUCT_NAME = PlayNotes;
				REZ_EXECUTABLE = YES;
				SECTORDER_FLAGS = "";
				WARNING_CFLAGS = (
					"-Wmost",
					"-Wno-four-char-constants",
					"-Wno-unknown-pragmas",
				);
				ZERO_LINK = YES;
			};
			name = Development;
		};
		D89D8165183D7C5900446B12 /* Deployment */ = {
			isa = XCBuildConfiguration;
			buildSettings = {
				COPY_PHASE_STRIP = YES;
				GCC_ENABLE_FIX_AND_CONTINUE = NO;
				INSTALL_PATH = /usr/local/bin;
				OTHER_CFLAGS = "";
				OTHER_LDFLAGS = "";
				OTHER_REZFLAGS = "";
				PRODUCT_NAME = PlayNotes;
				REZ_EXECUTABLE = YES;
				SECTORDER_FLAGS = "";
				WARNING_CFLAGS = (
					"-Wmost",
					"-Wno-four-char-constants",
					"-Wno-unknown-pragmas",
				);
				ZERO_LINK = NO;
			};
			name = Deployment;
		};
		D89D8166183D7C5900446B12 /* Default */ = {
			isa = XCBuildConfiguration;
			buildSettings = {
				INSTALL_PATH = /usr/local/bin;
				OTHER_CFLAGS = "";
				OTHER_LDFLAGS = "";
				OTHER_REZFLAGS = "";
				PRODUCT_NAME = PlayNotes;
				REZ_EXECUTABLE = YES;
				SECTORDER_FLAGS = "";
				WARNING_CFLAGS = (
					"-Wmost",
					"-Wno-four-char-constants",
					"-Wno-unknown-pragmas",
				);
			};
			name = Default;
		};
		D89D8171183D7C5A00446B12 /* Development */ = {
			isa = XCBuildConfiguration;
			buildSettings = {
				COPY_PHASE_STRIP = NO;
				GCC_DYNAMIC_NO_PIC = NO;
				GCC_ENABLE_FIX_AND_CONTINUE = YES;
				GCC_GENERATE_DEBUGGING_SYMBOLS = YES;
				GCC_OPTIMIZATION_LEVEL = 0;
				INSTALL_PATH = /usr/local/bin;
				OTHER_CFLAGS = "";
				OTHER_LDFLAGS = "";
				OTHER_REZFLAGS = "";
				PRODUCT_NAME = MidiThruTest;
				REZ_EXECUTABLE = YES;
				SECTORDER_FLAGS = "";
				WARNING_CFLAGS = (
					"-Wmost",
					"-Wno-four-char-constants",
					"-Wno-unknown-pragmas",
				);
				ZERO_LINK = YES;
			};
			name = Development;
		};
		D89D8172183D7C5A00446B12 /* Deployment */ = {
			isa = XCBuildConfiguration;
			buildSettings = {
				COPY_PHASE_STRIP = YES;
				GCC_ENABLE_FIX_AND_CONTINUE = NO;
				INSTALL_PATH = /usr/local/bin;
				OTHER_CFLAGS = "";
				OTHER_LDFLAGS = "";
				OTHER_REZFLAGS = "";
				PRODUCT_NAME = MidiThruTest;
				REZ_EXECUTABLE = YES;
				SECTORDER_FLAGS = "";
				WARNING_CFLAGS = (
					"-Wmost",
					"-Wno-four-char-constants",
					"-Wno-unknown-pragmas",
				);
				ZERO_LINK = NO;
			};
			name = Deployment;
		};
		D89D8173183D7C5A00446B12 /* Default */ = {
			isa = XCBuildConfiguration;
			buildSettings = {
				INSTALL_PATH = /usr/local/bin;
				OTHER_CFLAGS = "";
				OTHER_LDFLAGS = "";
				OTHER_REZFLAGS = "";
				PRODUCT_NAME = MidiThruTest;
				REZ_EXECUTABLE = YES;
				SECTORDER_FLAGS = "";
				WARNING_CFLAGS = (
					"-Wmost",
					"-Wno-four-char-constants",
					"-Wno-unknown-pragmas",
				);
			};
			name = Default;
		};
/* End XCBuildConfiguration section */

/* Begin XCConfigurationList section */
		D87F9892183D18B200FE7B48 /* Build configuration list for PBXProject "MIDIClientExamples" */ = {
			isa = XCConfigurationList;
			buildConfigurations = (
				D87F9889183D18B200FE7B48 /* Development */,
				D87F988A183D18B200FE7B48 /* Deployment */,
				D87F988B183D18B200FE7B48 /* Default */,
			);
			defaultConfigurationIsVisible = 0;
			defaultConfigurationName = Default;
		};
		D89D8163183D7C5900446B12 /* Build configuration list for PBXNativeTarget "PlayNotes" */ = {
			isa = XCConfigurationList;
			buildConfigurations = (
				D89D8164183D7C5900446B12 /* Development */,
				D89D8165183D7C5900446B12 /* Deployment */,
				D89D8166183D7C5900446B12 /* Default */,
			);
			defaultConfigurationIsVisible = 0;
			defaultConfigurationName = Default;
		};
		D89D8170183D7C5A00446B12 /* Build configuration list for PBXNativeTarget "MidiThruTest" */ = {
			isa = XCConfigurationList;
			buildConfigurations = (
				D89D8171183D7C5A00446B12 /* Development */,
				D89D8172183D7C5A00446B12 /* Deployment */,
				D89D8173183D7C5A00446B12 /* Default */,
			);
			defaultConfigurationIsVisible = 0;
			defaultConfigurationName = Default;
		};
/* End XCConfigurationList section */
	};
	rootObject = 08FB7793FE84155DC02AAC07 /* Project object */;
}
