// !$*UTF8*$!
{
	archiveVersion = 1;
	classes = {
	};
	objectVersion = 42;
	objects = {

/* Begin PBXBuildFile section */
		01808E38FFBB5EC8CFED3B96 /* PlayNotes.cpp in Sources */ = {isa = PBXBuildFile; fileRef = 1001C122FFAE4A3FCFED3B93 /* PlayNotes.cpp */; settings = {ATTRIBUTES = (); }; };
		01808E3CFFBB5FC8CFED3B96 /* CoreMIDI.framework in Frameworks */ = {isa = PBXBuildFile; fileRef = 01319EB8FF89499DCFED3B93 /* CoreMIDI.framework */; };
		01D792D00062C8FDCFED3B96 /* CoreMIDI.framework in Frameworks */ = {isa = PBXBuildFile; fileRef = 01319EB8FF89499DCFED3B93 /* CoreMIDI.framework */; };
		02859628002A4B0DCFED3B96 /* Echo.cpp in Sources */ = {isa = PBXBuildFile; fileRef = 01319EB4FF894950CFED3B93 /* Echo.cpp */; settings = {ATTRIBUTES = (); }; };
/* End PBXBuildFile section */

/* Begin PBXFileReference section */
		01319EB4FF894950CFED3B93 /* Echo.cpp */ = {isa = PBXFileReference; lastKnownFileType = sourcecode.cpp.cpp; path = Echo.cpp; sourceTree = "<group>"; };
		01319EB8FF89499DCFED3B93 /* CoreMIDI.framework */ = {isa = PBXFileReference; lastKnownFileType = wrapper.framework; name = CoreMIDI.framework; path = /System/Library/Frameworks/CoreMIDI.framework; sourceTree = "<absolute>"; };
		1001C122FFAE4A3FCFED3B93 /* PlayNotes.cpp */ = {isa = PBXFileReference; lastKnownFileType = sourcecode.cpp.cpp; path = PlayNotes.cpp; sourceTree = "<group>"; };
		D87F9881183D18B100FE7B48 /* PlayNotes */ = {isa = PBXFileReference; explicitFileType = "compiled.mach-o.executable"; includeInIndex = 0; path = PlayNotes; sourceTree = BUILT_PRODUCTS_DIR; };
		D87F9883183D18B100FE7B48 /* MidiThruTest */ = {isa = PBXFileReference; explicitFileType = "compiled.mach-o.executable"; includeInIndex = 0; path = MidiThruTest; sourceTree = BUILT_PRODUCTS_DIR; };
/* End PBXFileReference section */

/* Begin PBXFrameworksBuildPhase section */
		00FF11B6FFBA02DACFED3B96 /* Frameworks */ = {
			isa = PBXFrameworksBuildPhase;
			buildActionMask = 2147483647;
			files = (
				01D792D00062C8FDCFED3B96 /* CoreMIDI.framework in Frameworks */,
			);
			runOnlyForDeploymentPostprocessing = 0;
		};
		00FF11BBFFBA02DACFED3B96 /* Frameworks */ = {
			isa = PBXFrameworksBuildPhase;
			buildActionMask = 2147483647;
			files = (
				01808E3CFFBB5FC8CFED3B96 /* CoreMIDI.framework in Frameworks */,
			);
			runOnlyForDeploymentPostprocessing = 0;
		};
/* End PBXFrameworksBuildPhase section */

/* Begin PBXGroup section */
		01808E37FFBB5EC8CFED3B96 /* External Frameworks */ = {
			isa = PBXGroup;
			children = (
				01319EB8FF89499DCFED3B93 /* CoreMIDI.framework */,
			);
			name = "External Frameworks";
			sourceTree = "<group>";
		};
		08FB7794FE84155DC02AAC07 /* MIDIClientExample */ = {
			isa = PBXGroup;
			children = (
				275A78C200CC5F7ECFED3B96 /* Products */,
				08FB7795FE84155DC02AAC07 /* Source */,
				01808E37FFBB5EC8CFED3B96 /* External Frameworks */,
			);
			name = MIDIClientExample;
			sourceTree = "<group>";
		};
		08FB7795FE84155DC02AAC07 /* Source */ = {
			isa = PBXGroup;
			children = (
				01319EB4FF894950CFED3B93 /* Echo.cpp */,
				1001C122FFAE4A3FCFED3B93 /* PlayNotes.cpp */,
			);
			name = Source;
			sourceTree = "<group>";
		};
		275A78C200CC5F7ECFED3B96 /* Products */ = {
			isa = PBXGroup;
			children = (
				D87F9881183D18B100FE7B48 /* PlayNotes */,
				D87F9883183D18B100FE7B48 /* MidiThruTest */,
			);
			name = Products;
			sourceTree = "<group>";
		};
/* End PBXGroup section */

/* Begin PBXHeadersBuildPhase section */
		00FF11B4FFBA02DACFED3B96 /* Headers */ = {
			isa = PBXHeadersBuildPhase;
			buildActionMask = 2147483647;
			files = (
			);
			runOnlyForDeploymentPostprocessing = 0;
		};
		00FF11B9FFBA02DACFED3B96 /* Headers */ = {
			isa = PBXHeadersBuildPhase;
			buildActionMask = 2147483647;
			files = (
			);
			runOnlyForDeploymentPostprocessing = 0;
		};
/* End PBXHeadersBuildPhase section */

/* Begin PBXProject section */
		08FB7793FE84155DC02AAC07 /* Project object */ = {
			isa = PBXProject;
			buildConfigurationList = D87F9892183D18B200FE7B48 /* Build configuration list for PBXProject "MIDIClientExamples" */;
			compatibilityVersion = "Xcode 2.4";
			hasScannedForEncodings = 0;
			mainGroup = 08FB7794FE84155DC02AAC07 /* MIDIClientExample */;
			projectDirPath = "";
			projectRoot = "";
			targets = (
				00FF11B3FFBA02DACFED3B96 /* PlayNotes */,
				00FF11B8FFBA02DACFED3B96 /* MidiThruTest */,
			);
		};
/* End PBXProject section */

/* Begin PBXRezBuildPhase section */
		00FF11B7FFBA02DACFED3B96 /* Rez */ = {
			isa = PBXRezBuildPhase;
			buildActionMask = 2147483647;
			files = (
			);
			runOnlyForDeploymentPostprocessing = 0;
		};
		00FF11BCFFBA02DACFED3B96 /* Rez */ = {
			isa = PBXRezBuildPhase;
			buildActionMask = 2147483647;
			files = (
			);
			runOnlyForDeploymentPostprocessing = 0;
		};
/* End PBXRezBuildPhase section */

/* Begin PBXSourcesBuildPhase section */
		00FF11B5FFBA02DACFED3B96 /* Sources */ = {
			isa = PBXSourcesBuildPhase;
			buildActionMask = 2147483647;
			files = (
				01808E38FFBB5EC8CFED3B96 /* PlayNotes.cpp in Sources */,
			);
			runOnlyForDeploymentPostprocessing = 0;
		};
		00FF11BAFFBA02DACFED3B96 /* Sources */ = {
			isa = PBXSourcesBuildPhase;
			buildActionMask = 2147483647;
			files = (
				02859628002A4B0DCFED3B96 /* Echo.cpp in Sources */,
			);
			runOnlyForDeploymentPostprocessing = 0;
		};
/* End PBXSourcesBuildPhase section */

/* Begin PBXToolTarget section */
		00FF11B3FFBA02DACFED3B96 /* PlayNotes */ = {
			isa = PBXToolTarget;
			buildConfigurationList = D87F9893183D18B200FE7B48 /* Build configuration list for PBXToolTarget "PlayNotes" */;
			buildPhases = (
				00FF11B4FFBA02DACFED3B96 /* Headers */,
				00FF11B5FFBA02DACFED3B96 /* Sources */,
				00FF11B6FFBA02DACFED3B96 /* Frameworks */,
				00FF11B7FFBA02DACFED3B96 /* Rez */,
			);
			dependencies = (
			);
			name = PlayNotes;
			productInstallPath = /usr/local/bin;
			productName = PlayNotes;
			productReference = D87F9881183D18B100FE7B48 /* PlayNotes */;
		};
		00FF11B8FFBA02DACFED3B96 /* MidiThruTest */ = {
			isa = PBXToolTarget;
			buildConfigurationList = D87F9894183D18B200FE7B48 /* Build configuration list for PBXToolTarget "MidiThruTest" */;
			buildPhases = (
				00FF11B9FFBA02DACFED3B96 /* Headers */,
				00FF11BAFFBA02DACFED3B96 /* Sources */,
				00FF11BBFFBA02DACFED3B96 /* Frameworks */,
				00FF11BCFFBA02DACFED3B96 /* Rez */,
			);
			dependencies = (
			);
			name = MidiThruTest;
			productInstallPath = /usr/local/bin;
			productName = Echo;
			productReference = D87F9883183D18B100FE7B48 /* MidiThruTest */;
		};
/* End PBXToolTarget section */

/* Begin XCBuildConfiguration section */
		D87F9889183D18B200FE7B48 /* Development */ = {
			isa = XCBuildConfiguration;
			buildSettings = {
			};
			name = Development;
		};
		D87F988A183D18B200FE7B48 /* Deployment */ = {
			isa = XCBuildConfiguration;
			buildSettings = {
			};
			name = Deployment;
		};
		D87F988B183D18B200FE7B48 /* Default */ = {
			isa = XCBuildConfiguration;
			buildSettings = {
			};
			name = Default;
		};
		D87F988C183D18B200FE7B48 /* Development */ = {
			isa = XCBuildConfiguration;
			buildSettings = {
				COPY_PHASE_STRIP = NO;
				GCC_DYNAMIC_NO_PIC = NO;
				GCC_ENABLE_FIX_AND_CONTINUE = YES;
				GCC_GENERATE_DEBUGGING_SYMBOLS = YES;
				GCC_OPTIMIZATION_LEVEL = 0;
				INSTALL_PATH = /usr/local/bin;
				OTHER_CFLAGS = "";
				OTHER_LDFLAGS = "";
				OTHER_REZFLAGS = "";
				PRODUCT_NAME = PlayNotes;
				REZ_EXECUTABLE = YES;
				SECTORDER_FLAGS = "";
				WARNING_CFLAGS = (
					"-Wmost",
					"-Wno-four-char-constants",
					"-Wno-unknown-pragmas",
				);
				ZERO_LINK = YES;
			};
			name = Development;
		};
		D87F988D183D18B200FE7B48 /* Deployment */ = {
			isa = XCBuildConfiguration;
			buildSettings = {
				COPY_PHASE_STRIP = YES;
				GCC_ENABLE_FIX_AND_CONTINUE = NO;
				INSTALL_PATH = /usr/local/bin;
				OTHER_CFLAGS = "";
				OTHER_LDFLAGS = "";
				OTHER_REZFLAGS = "";
				PRODUCT_NAME = PlayNotes;
				REZ_EXECUTABLE = YES;
				SECTORDER_FLAGS = "";
				WARNING_CFLAGS = (
					"-Wmost",
					"-Wno-four-char-constants",
					"-Wno-unknown-pragmas",
				);
				ZERO_LINK = NO;
			};
			name = Deployment;
		};
		D87F988E183D18B200FE7B48 /* Default */ = {
			isa = XCBuildConfiguration;
			buildSettings = {
				INSTALL_PATH = /usr/local/bin;
				OTHER_CFLAGS = "";
				OTHER_LDFLAGS = "";
				OTHER_REZFLAGS = "";
				PRODUCT_NAME = PlayNotes;
				REZ_EXECUTABLE = YES;
				SECTORDER_FLAGS = "";
				WARNING_CFLAGS = (
					"-Wmost",
					"-Wno-four-char-constants",
					"-Wno-unknown-pragmas",
				);
			};
			name = Default;
		};
		D87F988F183D18B200FE7B48 /* Development */ = {
			isa = XCBuildConfiguration;
			buildSettings = {
				COPY_PHASE_STRIP = NO;
				GCC_DYNAMIC_NO_PIC = NO;
				GCC_ENABLE_FIX_AND_CONTINUE = YES;
				GCC_GENERATE_DEBUGGING_SYMBOLS = YES;
				GCC_OPTIMIZATION_LEVEL = 0;
				INSTALL_PATH = /usr/local/bin;
				OTHER_CFLAGS = "";
				OTHER_LDFLAGS = "";
				OTHER_REZFLAGS = "";
				PRODUCT_NAME = MidiThruTest;
				REZ_EXECUTABLE = YES;
				SECTORDER_FLAGS = "";
				WARNING_CFLAGS = (
					"-Wmost",
					"-Wno-four-char-constants",
					"-Wno-unknown-pragmas",
				);
				ZERO_LINK = YES;
			};
			name = Development;
		};
		D87F9890183D18B200FE7B48 /* Deployment */ = {
			isa = XCBuildConfiguration;
			buildSettings = {
				COPY_PHASE_STRIP = YES;
				GCC_ENABLE_FIX_AND_CONTINUE = NO;
				INSTALL_PATH = /usr/local/bin;
				OTHER_CFLAGS = "";
				OTHER_LDFLAGS = "";
				OTHER_REZFLAGS = "";
				PRODUCT_NAME = MidiThruTest;
				REZ_EXECUTABLE = YES;
				SECTORDER_FLAGS = "";
				WARNING_CFLAGS = (
					"-Wmost",
					"-Wno-four-char-constants",
					"-Wno-unknown-pragmas",
				);
				ZERO_LINK = NO;
			};
			name = Deployment;
		};
		D87F9891183D18B200FE7B48 /* Default */ = {
			isa = XCBuildConfiguration;
			buildSettings = {
				INSTALL_PATH = /usr/local/bin;
				OTHER_CFLAGS = "";
				OTHER_LDFLAGS = "";
				OTHER_REZFLAGS = "";
				PRODUCT_NAME = MidiThruTest;
				REZ_EXECUTABLE = YES;
				SECTORDER_FLAGS = "";
				WARNING_CFLAGS = (
					"-Wmost",
					"-Wno-four-char-constants",
					"-Wno-unknown-pragmas",
				);
			};
			name = Default;
		};
/* End XCBuildConfiguration section */

/* Begin XCConfigurationList section */
		D87F9892183D18B200FE7B48 /* Build configuration list for PBXProject "MIDIClientExamples" */ = {
			isa = XCConfigurationList;
			buildConfigurations = (
				D87F9889183D18B200FE7B48 /* Development */,
				D87F988A183D18B200FE7B48 /* Deployment */,
				D87F988B183D18B200FE7B48 /* Default */,
			);
			defaultConfigurationIsVisible = 0;
			defaultConfigurationName = Default;
		};
		D87F9893183D18B200FE7B48 /* Build configuration list for PBXToolTarget "PlayNotes" */ = {
			isa = XCConfigurationList;
			buildConfigurations = (
				D87F988C183D18B200FE7B48 /* Development */,
				D87F988D183D18B200FE7B48 /* Deployment */,
				D87F988E183D18B200FE7B48 /* Default */,
			);
			defaultConfigurationIsVisible = 0;
			defaultConfigurationName = Default;
		};
		D87F9894183D18B200FE7B48 /* Build configuration list for PBXToolTarget "MidiThruTest" */ = {
			isa = XCConfigurationList;
			buildConfigurations = (
				D87F988F183D18B200FE7B48 /* Development */,
				D87F9890183D18B200FE7B48 /* Deployment */,
				D87F9891183D18B200FE7B48 /* Default */,
			);
			defaultConfigurationIsVisible = 0;
			defaultConfigurationName = Default;
		};
/* End XCConfigurationList section */
	};
	rootObject = 08FB7793FE84155DC02AAC07 /* Project object */;
}
