// !$*UTF8*$!
{
	archiveVersion = 1;
	classes = {
	};
	objectVersion = 32;
	objects = {
		00FF11B1FFBA02DACFED3B96 = {
			isa = PBXExecutableFileReference;
			name = PlayNotes;
			path = /Volumes/manray/Local/Users/leigh/Applications/PlayNotes;
			refType = 0;
		};
		00FF11B2FFBA02DACFED3B96 = {
			isa = PBXExecutableFileReference;
			name = MidiThruTest;
			path = /Volumes/manray/Local/Users/leigh/Applications/MidiThruTest;
			refType = 0;
		};
		00FF11B3FFBA02DACFED3B96 = {
			buildPhases = (
				00FF11B4FFBA02DACFED3B96,
				00FF11B5FFBA02DACFED3B96,
				00FF11B6FFBA02DACFED3B96,
				00FF11B7FFBA02DACFED3B96,
			);
			buildSettings = {
				INSTALL_PATH = /usr/local/bin;
				OPTIMIZATION_CFLAGS = "";
				OTHER_CFLAGS = "";
				OTHER_LDFLAGS = "";
				OTHER_REZFLAGS = "";
				PRODUCT_NAME = PlayNotes;
				REZ_EXECUTABLE = YES;
				SECTORDER_FLAGS = "";
				WARNING_CFLAGS = "-Wmost -Wno-four-char-constants -Wno-unknown-pragmas";
			};
			conditionalBuildSettings = {
			};
			dependencies = (
			);
			isa = PBXToolTarget;
			name = PlayNotes;
			productInstallPath = /usr/local/bin;
			productName = PlayNotes;
			productReference = 00FF11B1FFBA02DACFED3B96;
			shouldUseHeadermap = 0;
		};
		00FF11B4FFBA02DACFED3B96 = {
			buildActionMask = 2147483647;
			files = (
			);
			isa = PBXHeadersBuildPhase;
			name = Headers;
		};
		00FF11B5FFBA02DACFED3B96 = {
			buildActionMask = 2147483647;
			files = (
				01808E38FFBB5EC8CFED3B96,
			);
			isa = PBXSourcesBuildPhase;
			name = Sources;
		};
		00FF11B6FFBA02DACFED3B96 = {
			buildActionMask = 2147483647;
			files = (
				01D792D00062C8FDCFED3B96,
			);
			isa = PBXFrameworksBuildPhase;
			name = "Frameworks & Libraries";
		};
		00FF11B7FFBA02DACFED3B96 = {
			buildActionMask = 2147483647;
			files = (
			);
			isa = PBXRezBuildPhase;
			name = "ResourceManager Resources";
		};
		00FF11B8FFBA02DACFED3B96 = {
			buildPhases = (
				00FF11B9FFBA02DACFED3B96,
				00FF11BAFFBA02DACFED3B96,
				00FF11BBFFBA02DACFED3B96,
				00FF11BCFFBA02DACFED3B96,
			);
			buildSettings = {
				INSTALL_PATH = /usr/local/bin;
				OPTIMIZATION_CFLAGS = "";
				OTHER_CFLAGS = "";
				OTHER_LDFLAGS = "";
				OTHER_REZFLAGS = "";
				PRODUCT_NAME = MidiThruTest;
				REZ_EXECUTABLE = YES;
				SECTORDER_FLAGS = "";
				WARNING_CFLAGS = "-Wmost -Wno-four-char-constants -Wno-unknown-pragmas";
			};
			conditionalBuildSettings = {
			};
			dependencies = (
			);
			isa = PBXToolTarget;
			name = MidiThruTest;
			productInstallPath = /usr/local/bin;
			productName = Echo;
			productReference = 00FF11B2FFBA02DACFED3B96;
			shouldUseHeadermap = 0;
		};
		00FF11B9FFBA02DACFED3B96 = {
			buildActionMask = 2147483647;
			files = (
			);
			isa = PBXHeadersBuildPhase;
			name = Headers;
		};
		00FF11BAFFBA02DACFED3B96 = {
			buildActionMask = 2147483647;
			files = (
				02859628002A4B0DCFED3B96,
			);
			isa = PBXSourcesBuildPhase;
			name = Sources;
		};
		00FF11BBFFBA02DACFED3B96 = {
			buildActionMask = 2147483647;
			files = (
				01808E3CFFBB5FC8CFED3B96,
			);
			isa = PBXFrameworksBuildPhase;
			name = "Frameworks & Libraries";
		};
		00FF11BCFFBA02DACFED3B96 = {
			buildActionMask = 2147483647;
			files = (
			);
			isa = PBXRezBuildPhase;
			name = "ResourceManager Resources";
		};
		01319EB4FF894950CFED3B93 = {
			isa = PBXFileReference;
			path = Echo.cpp;
			refType = 4;
		};
		01319EB8FF89499DCFED3B93 = {
			isa = PBXFrameworkReference;
			name = CoreMIDI.framework;
			path = /System/Library/Frameworks/CoreMIDI.framework;
			refType = 0;
		};
		01808E37FFBB5EC8CFED3B96 = {
			children = (
				01319EB8FF89499DCFED3B93,
			);
			isa = PBXGroup;
			name = "External Frameworks";
			refType = 4;
		};
		01808E38FFBB5EC8CFED3B96 = {
			fileRef = 1001C122FFAE4A3FCFED3B93;
			isa = PBXBuildFile;
			settings = {
				ATTRIBUTES = (
				);
			};
		};
		01808E3CFFBB5FC8CFED3B96 = {
			fileRef = 01319EB8FF89499DCFED3B93;
			isa = PBXBuildFile;
			settings = {
			};
		};
		01D792CE0062AACDCFED3B96 = {
			buildRules = (
			);
			buildSettings = {
				COPY_PHASE_STRIP = NO;
			};
			isa = PBXBuildStyle;
			name = Development;
		};
		01D792CF0062AACDCFED3B96 = {
			buildRules = (
			);
			buildSettings = {
				COPY_PHASE_STRIP = YES;
			};
			isa = PBXBuildStyle;
			name = Deployment;
		};
		01D792D00062C8FDCFED3B96 = {
			fileRef = 01319EB8FF89499DCFED3B93;
			isa = PBXBuildFile;
			settings = {
			};
		};
		02859628002A4B0DCFED3B96 = {
			fileRef = 01319EB4FF894950CFED3B93;
			isa = PBXBuildFile;
			settings = {
				ATTRIBUTES = (
				);
			};
		};
		08FB7793FE84155DC02AAC07 = {
			buildStyles = (
				01D792CE0062AACDCFED3B96,
				01D792CF0062AACDCFED3B96,
			);
			isa = PBXProject;
			mainGroup = 08FB7794FE84155DC02AAC07;
			projectDirPath = .;
			targets = (
				00FF11B3FFBA02DACFED3B96,
				00FF11B8FFBA02DACFED3B96,
			);
		};
		08FB7794FE84155DC02AAC07 = {
			children = (
				275A78C200CC5F7ECFED3B96,
				08FB7795FE84155DC02AAC07,
				01808E37FFBB5EC8CFED3B96,
			);
			isa = PBXGroup;
			name = MIDIClientExample;
			refType = 4;
		};
		08FB7795FE84155DC02AAC07 = {
			children = (
				01319EB4FF894950CFED3B93,
				1001C122FFAE4A3FCFED3B93,
			);
			isa = PBXGroup;
			name = Source;
			refType = 4;
		};
		1001C122FFAE4A3FCFED3B93 = {
			isa = PBXFileReference;
			path = PlayNotes.cpp;
			refType = 4;
		};
		275A78C200CC5F7ECFED3B96 = {
			children = (
			);
			isa = PBXGroup;
			name = Products;
			refType = 4;
		};
	};
	rootObject = 08FB7793FE84155DC02AAC07;
}
