{
	archiveVersion = 1;
	classes = {
	};
	objectVersion = 30;
	objects = {
		0249A660FF388D4511CA2CEA = {
			isa = PBXExecutableFileReference;
			path = EZUSBFirmwareDownloader;
			refType = 3;
		};
		0249A662FF388D9811CA2CEA = {
			children = (
				0249A663FF388D9811CA2CEA,
				0B182F5FFF9CCEC0CFED3B93,
				0B182F61FF9CD44FCFED3B93,
				0B182F62FF9CD44FCFED3B93,
				0B182F65FF9CD4C7CFED3B93,
			);
			isa = PBXGroup;
			name = "External Frameworks and Libraries";
			refType = 4;
		};
		0249A663FF388D9811CA2CEA = {
			isa = PBXFileReference;
			name = "libstdc++.a";
			path = "/usr/lib/libstdc++.a";
			refType = 0;
		};
		0249A664FF388D9811CA2CEA = {
			fileRef = 0249A663FF388D9811CA2CEA;
			isa = PBXBuildFile;
			settings = {
				INCLUDED_OSS = (
					MACOS,
					WINDOWS,
					PDOUNIX,
				);
			};
		};
		08FB7793FE84155DC02AAC07 = {
			isa = PBXProject;
			mainGroup = 08FB7794FE84155DC02AAC07;
			projectDirPath = .;
			targets = (
				08FB779FFE84155DC02AAC07,
			);
		};
		08FB7794FE84155DC02AAC07 = {
			children = (
				08FB7795FE84155DC02AAC07,
				0249A662FF388D9811CA2CEA,
				1AB674ADFE9D54B511CA2CBB,
			);
			isa = PBXGroup;
			name = EZUSBFirmwareDownloader;
			refType = 4;
		};
		08FB7795FE84155DC02AAC07 = {
			children = (
				08FB7796FE84155DC02AAC07,
				0B182F58FF9BD7B5CFED3B93,
				0B182F59FF9BD8C7CFED3B93,
				090E73B3FF9B9E8BCFED3B93,
				090E73B4FF9B9E8BCFED3B93,
				090E73B7FF9BBBBBCFED3B93,
				090E73ACFF9B593DCFED3B93,
			);
			isa = PBXGroup;
			name = Source;
			refType = 4;
		};
		08FB7796FE84155DC02AAC07 = {
			isa = PBXFileReference;
			path = MIDISPORTDownloader.cpp;
			refType = 4;
		};
		08FB779FFE84155DC02AAC07 = {
			buildPhases = (
				08FB77A0FE84155DC02AAC07,
				08FB77A1FE84155DC02AAC07,
				08FB77A3FE84155DC02AAC07,
				08FB77A5FE84155DC02AAC07,
			);
			buildSettings = {
				FRAMEWORK_SEARCH_PATHS = "";
				HEADER_SEARCH_PATHS = "";
				LIBRARY_SEARCH_PATHS = "";
				OPTIMIZATION_CFLAGS = "";
				OTHER_CFLAGS = "-DDEBUG";
				OTHER_LDFLAGS = "";
				OTHER_REZFLAGS = "";
				REZ_EXECUTABLE = YES;
				SECTORDER_FLAGS = "";
				WARNING_CFLAGS = "-Wmost -Wno-four-char-constants -Wno-unknown-pragmas";
			};
			conditionalBuildSettings = {
			};
			dependencies = (
			);
			isa = PBXToolTarget;
			name = EZUSBFirmwareDownloader;
			productInstallPath = "$(HOME)/bin";
			productName = EZUSBFirmwareDownloader;
			productReference = 0249A660FF388D4511CA2CEA;
			shouldUseHeadermap = 1;
		};
		08FB77A0FE84155DC02AAC07 = {
			buildActionMask = 2147483647;
			files = (
			);
			isa = PBXHeadersBuildPhase;
			name = Headers;
		};
		08FB77A1FE84155DC02AAC07 = {
			buildActionMask = 2147483647;
			files = (
				08FB77A2FE84155DC02AAC07,
				090E73B0FF9B593DCFED3B93,
				090E73B9FF9BBBBBCFED3B93,
				0B182F5DFF9BE0C3CFED3B93,
				0B182F5EFF9BE0C3CFED3B93,
			);
			isa = PBXSourcesBuildPhase;
			name = Sources;
		};
		08FB77A2FE84155DC02AAC07 = {
			fileRef = 08FB7796FE84155DC02AAC07;
			isa = PBXBuildFile;
			settings = {
				ATTRIBUTES = (
					Debug,
				);
				INCLUDED_OSS = (
					MACOS,
					WINDOWS,
					PDOUNIX,
				);
			};
		};
		08FB77A3FE84155DC02AAC07 = {
			buildActionMask = 2147483647;
			files = (
				0249A664FF388D9811CA2CEA,
				0B182F60FF9CCEC0CFED3B93,
				0B182F63FF9CD44FCFED3B93,
				0B182F64FF9CD44FCFED3B93,
			);
			isa = PBXFrameworksBuildPhase;
			name = "Frameworks & Libraries";
		};
		08FB77A5FE84155DC02AAC07 = {
			buildActionMask = 2147483647;
			files = (
			);
			isa = PBXRezBuildPhase;
			name = "ResourceManager Resources";
		};
		090E73ACFF9B593DCFED3B93 = {
			isa = PBXFileReference;
			path = MIDISPORTFirmware.c;
			refType = 4;
		};
		090E73B0FF9B593DCFED3B93 = {
			fileRef = 090E73ACFF9B593DCFED3B93;
			isa = PBXBuildFile;
			settings = {
				ATTRIBUTES = (
					Debug,
				);
				INCLUDED_OSS = (
					MACOS,
					WINDOWS,
					PDOUNIX,
				);
			};
		};
		090E73B3FF9B9E8BCFED3B93 = {
			isa = PBXFileReference;
			path = USBUtils.cpp;
			refType = 4;
		};
		090E73B4FF9B9E8BCFED3B93 = {
			isa = PBXFileReference;
			path = USBUtils.h;
			refType = 4;
		};
		090E73B7FF9BBBBBCFED3B93 = {
			isa = PBXFileReference;
			path = HexLoaderFirmware.c;
			refType = 4;
		};
		090E73B9FF9BBBBBCFED3B93 = {
			fileRef = 090E73B7FF9BBBBBCFED3B93;
			isa = PBXBuildFile;
			settings = {
				ATTRIBUTES = (
					Debug,
				);
				INCLUDED_OSS = (
					MACOS,
					WINDOWS,
					PDOUNIX,
				);
			};
		};
		0B182F58FF9BD7B5CFED3B93 = {
			isa = PBXFileReference;
			path = EZLoader.cpp;
			refType = 4;
		};
		0B182F59FF9BD8C7CFED3B93 = {
			isa = PBXFileReference;
			path = EZLoader.h;
			refType = 4;
		};
		0B182F5DFF9BE0C3CFED3B93 = {
			fileRef = 0B182F58FF9BD7B5CFED3B93;
			isa = PBXBuildFile;
			settings = {
				ATTRIBUTES = (
					Debug,
				);
				INCLUDED_OSS = (
					MACOS,
					WINDOWS,
					PDOUNIX,
				);
			};
		};
		0B182F5EFF9BE0C3CFED3B93 = {
			fileRef = 090E73B3FF9B9E8BCFED3B93;
			isa = PBXBuildFile;
			settings = {
				ATTRIBUTES = (
					Debug,
				);
				INCLUDED_OSS = (
					MACOS,
					WINDOWS,
					PDOUNIX,
				);
			};
		};
		0B182F5FFF9CCEC0CFED3B93 = {
			isa = PBXFrameworkReference;
			name = CoreFoundation.framework;
			path = /System/Library/Frameworks/CoreFoundation.framework;
			refType = 0;
		};
		0B182F60FF9CCEC0CFED3B93 = {
			fileRef = 0B182F5FFF9CCEC0CFED3B93;
			isa = PBXBuildFile;
			settings = {
				INCLUDED_OSS = (
					MACOS,
					WINDOWS,
					PDOUNIX,
				);
			};
		};
		0B182F61FF9CD44FCFED3B93 = {
			isa = PBXFrameworkReference;
			name = IOKit.framework;
			path = /System/Library/Frameworks/IOKit.framework;
			refType = 0;
		};
		0B182F62FF9CD44FCFED3B93 = {
			isa = PBXFrameworkReference;
			name = CoreServices.framework;
			path = /System/Library/Frameworks/CoreServices.framework;
			refType = 0;
		};
		0B182F63FF9CD44FCFED3B93 = {
			fileRef = 0B182F61FF9CD44FCFED3B93;
			isa = PBXBuildFile;
			settings = {
				INCLUDED_OSS = (
					MACOS,
					WINDOWS,
					PDOUNIX,
				);
			};
		};
		0B182F64FF9CD44FCFED3B93 = {
			fileRef = 0B182F62FF9CD44FCFED3B93;
			isa = PBXBuildFile;
			settings = {
				INCLUDED_OSS = (
					MACOS,
					WINDOWS,
					PDOUNIX,
				);
			};
		};
		0B182F65FF9CD4C7CFED3B93 = {
			isa = PBXFrameworkReference;
			name = System.framework;
			path = /System/Library/Frameworks/System.framework;
			refType = 0;
		};
		1AB674ADFE9D54B511CA2CBB = {
			children = (
				0249A660FF388D4511CA2CEA,
			);
			isa = PBXGroup;
			name = Products;
			refType = 4;
		};
	};
	rootObject = 08FB7793FE84155DC02AAC07;
}
