// !$*UTF8*$!
{
	archiveVersion = 1;
	classes = {
	};
	objectVersion = 51;
	objects = {

/* Begin PBXBuildFile section */
		D8346EEE24AD7E8200A6DAF5 /* USBMIDIDevice.h in Headers */ = {isa = PBXBuildFile; fileRef = D8346EEC24AD7E8200A6DAF5 /* USBMIDIDevice.h */; };
		D8346EEF24AD7E8200A6DAF5 /* USBMIDIDevice.cpp in Sources */ = {isa = PBXBuildFile; fileRef = D8346EED24AD7E8200A6DAF5 /* USBMIDIDevice.cpp */; };
		D8346EF224AD8A9B00A6DAF5 /* USBDeviceManager.h in Headers */ = {isa = PBXBuildFile; fileRef = D8346EF024AD8A9B00A6DAF5 /* USBDeviceManager.h */; };
		D8346EF324AD8A9B00A6DAF5 /* USBDeviceManager.cpp in Sources */ = {isa = PBXBuildFile; fileRef = D8346EF124AD8A9B00A6DAF5 /* USBDeviceManager.cpp */; };
		D8346EF624AD8ABF00A6DAF5 /* USBMIDIDeviceManager.cpp in Sources */ = {isa = PBXBuildFile; fileRef = D8346EF524AD8ABF00A6DAF5 /* USBMIDIDeviceManager.cpp */; };
		D859E8F624AD8B84002E22F4 /* MIDIDriverUtils.cpp in Sources */ = {isa = PBXBuildFile; fileRef = D859E8F424AD8B84002E22F4 /* MIDIDriverUtils.cpp */; };
		D859E8F724AD8B84002E22F4 /* MIDIDriverUtils.h in Headers */ = {isa = PBXBuildFile; fileRef = D859E8F524AD8B84002E22F4 /* MIDIDriverUtils.h */; };
		D859E8FA24AD8C11002E22F4 /* IOServiceClient.cpp in Sources */ = {isa = PBXBuildFile; fileRef = D859E8F824AD8C11002E22F4 /* IOServiceClient.cpp */; };
		D859E8FB24AD8C11002E22F4 /* IOServiceClient.h in Headers */ = {isa = PBXBuildFile; fileRef = D859E8F924AD8C11002E22F4 /* IOServiceClient.h */; };
		D859E8FE24AD8C5D002E22F4 /* USBDevice.h in Headers */ = {isa = PBXBuildFile; fileRef = D859E8FC24AD8C5C002E22F4 /* USBDevice.h */; };
		D859E8FF24AD8C5D002E22F4 /* USBDevice.cpp in Sources */ = {isa = PBXBuildFile; fileRef = D859E8FD24AD8C5D002E22F4 /* USBDevice.cpp */; };
		D859E90924AD8CD8002E22F4 /* CAMutex.cpp in Sources */ = {isa = PBXBuildFile; fileRef = D859E90024AD8CD8002E22F4 /* CAMutex.cpp */; };
		D859E90A24AD8CD8002E22F4 /* CADebugMacros.h in Headers */ = {isa = PBXBuildFile; fileRef = D859E90124AD8CD8002E22F4 /* CADebugMacros.h */; };
		D859E90B24AD8CD8002E22F4 /* CADebugMacros.cpp in Sources */ = {isa = PBXBuildFile; fileRef = D859E90224AD8CD8002E22F4 /* CADebugMacros.cpp */; };
		D859E90C24AD8CD8002E22F4 /* CADebugPrintf.h in Headers */ = {isa = PBXBuildFile; fileRef = D859E90324AD8CD8002E22F4 /* CADebugPrintf.h */; };
		D859E90D24AD8CD8002E22F4 /* CADebugPrintf.cpp in Sources */ = {isa = PBXBuildFile; fileRef = D859E90424AD8CD8002E22F4 /* CADebugPrintf.cpp */; };
		D859E90E24AD8CD8002E22F4 /* CAHostTimeBase.cpp in Sources */ = {isa = PBXBuildFile; fileRef = D859E90524AD8CD8002E22F4 /* CAHostTimeBase.cpp */; };
		D859E90F24AD8CD8002E22F4 /* CAHostTimeBase.h in Headers */ = {isa = PBXBuildFile; fileRef = D859E90624AD8CD8002E22F4 /* CAHostTimeBase.h */; };
		D859E91024AD8CD8002E22F4 /* CAMutex.h in Headers */ = {isa = PBXBuildFile; fileRef = D859E90724AD8CD8002E22F4 /* CAMutex.h */; };
		D859E91124AD8CD8002E22F4 /* CAException.h in Headers */ = {isa = PBXBuildFile; fileRef = D859E90824AD8CD8002E22F4 /* CAException.h */; };
		D859E91424AD8D69002E22F4 /* MIDIDriverDevice.h in Headers */ = {isa = PBXBuildFile; fileRef = D859E91224AD8D69002E22F4 /* MIDIDriverDevice.h */; };
		D859E91524AD8D69002E22F4 /* MIDIDriverDevice.cpp in Sources */ = {isa = PBXBuildFile; fileRef = D859E91324AD8D69002E22F4 /* MIDIDriverDevice.cpp */; };
		D859E91724AD8D94002E22F4 /* MIDIDriverClass.h in Headers */ = {isa = PBXBuildFile; fileRef = D859E91624AD8D94002E22F4 /* MIDIDriverClass.h */; };
		D89D8104183D7B2200446B12 /* MIDISPORTUSBDriver.h in Headers */ = {isa = PBXBuildFile; fileRef = 010D0AFEFEE5F5BB0A090812 /* MIDISPORTUSBDriver.h */; };
		D89D8107183D7B2200446B12 /* USBMIDIDriverBase.h in Headers */ = {isa = PBXBuildFile; fileRef = 1E21D07CFED9A4DC0A090812 /* USBMIDIDriverBase.h */; };
		D89D810C183D7B2200446B12 /* InfoPlist.strings in Resources */ = {isa = PBXBuildFile; fileRef = 089C167DFE841241C02AAC07 /* InfoPlist.strings */; };
		D89D8110183D7B2200446B12 /* USBMIDIDriverBase.cpp in Sources */ = {isa = PBXBuildFile; fileRef = 1E21D07BFED9A4DC0A090812 /* USBMIDIDriverBase.cpp */; settings = {ATTRIBUTES = (); }; };
		D89D8112183D7B2200446B12 /* MIDISPORTUSBDriver.cpp in Sources */ = {isa = PBXBuildFile; fileRef = 010D0AFDFEE5F5BB0A090812 /* MIDISPORTUSBDriver.cpp */; settings = {ATTRIBUTES = (); }; };
		D8A20C18243142A700BAFBF4 /* CoreFoundation.framework in Frameworks */ = {isa = PBXBuildFile; fileRef = D8A20C17243142A700BAFBF4 /* CoreFoundation.framework */; };
		D8A20C1A243142CA00BAFBF4 /* IOKit.framework in Frameworks */ = {isa = PBXBuildFile; fileRef = D8A20C19243142CA00BAFBF4 /* IOKit.framework */; };
		D8A20C1B243150DD00BAFBF4 /* CoreMIDI.framework in Frameworks */ = {isa = PBXBuildFile; fileRef = D8A20C142431416100BAFBF4 /* CoreMIDI.framework */; };
		D8A20C1F2431510D00BAFBF4 /* CoreAudio.framework in Frameworks */ = {isa = PBXBuildFile; fileRef = D8A20C1E2431510D00BAFBF4 /* CoreAudio.framework */; };
/* End PBXBuildFile section */

/* Begin PBXFileReference section */
		010D0AFDFEE5F5BB0A090812 /* MIDISPORTUSBDriver.cpp */ = {isa = PBXFileReference; lastKnownFileType = sourcecode.cpp.cpp; path = MIDISPORTUSBDriver.cpp; sourceTree = "<group>"; tabWidth = 4; };
		010D0AFEFEE5F5BB0A090812 /* MIDISPORTUSBDriver.h */ = {isa = PBXFileReference; lastKnownFileType = sourcecode.c.h; path = MIDISPORTUSBDriver.h; sourceTree = "<group>"; tabWidth = 4; };
		1E21D07BFED9A4DC0A090812 /* USBMIDIDriverBase.cpp */ = {isa = PBXFileReference; lastKnownFileType = sourcecode.cpp.cpp; path = USBMIDIDriverBase.cpp; sourceTree = "<group>"; tabWidth = 4; };
		1E21D07CFED9A4DC0A090812 /* USBMIDIDriverBase.h */ = {isa = PBXFileReference; lastKnownFileType = sourcecode.c.h; path = USBMIDIDriverBase.h; sourceTree = "<group>"; tabWidth = 4; };
		D8346EEC24AD7E8200A6DAF5 /* USBMIDIDevice.h */ = {isa = PBXFileReference; fileEncoding = 4; lastKnownFileType = sourcecode.c.h; path = USBMIDIDevice.h; sourceTree = "<group>"; };
		D8346EED24AD7E8200A6DAF5 /* USBMIDIDevice.cpp */ = {isa = PBXFileReference; fileEncoding = 4; lastKnownFileType = sourcecode.cpp.cpp; path = USBMIDIDevice.cpp; sourceTree = "<group>"; };
		D8346EF024AD8A9B00A6DAF5 /* USBDeviceManager.h */ = {isa = PBXFileReference; fileEncoding = 4; lastKnownFileType = sourcecode.c.h; path = USBDeviceManager.h; sourceTree = "<group>"; };
		D8346EF124AD8A9B00A6DAF5 /* USBDeviceManager.cpp */ = {isa = PBXFileReference; fileEncoding = 4; lastKnownFileType = sourcecode.cpp.cpp; path = USBDeviceManager.cpp; sourceTree = "<group>"; };
		D8346EF424AD8ABF00A6DAF5 /* USBMIDIDeviceManager.h */ = {isa = PBXFileReference; lastKnownFileType = sourcecode.c.h; name = USBMIDIDeviceManager.h; path = /Users/leigh/Sources/Drivers/MIDI/MIDISPORT/MIDISPORT_cleaned/MIDISPORT/USBMIDIDeviceManager.h; sourceTree = "<absolute>"; };
		D8346EF524AD8ABF00A6DAF5 /* USBMIDIDeviceManager.cpp */ = {isa = PBXFileReference; lastKnownFileType = sourcecode.cpp.cpp; name = USBMIDIDeviceManager.cpp; path = /Users/leigh/Sources/Drivers/MIDI/MIDISPORT/MIDISPORT_cleaned/MIDISPORT/USBMIDIDeviceManager.cpp; sourceTree = "<absolute>"; };
		D859E8F424AD8B84002E22F4 /* MIDIDriverUtils.cpp */ = {isa = PBXFileReference; fileEncoding = 4; lastKnownFileType = sourcecode.cpp.cpp; path = MIDIDriverUtils.cpp; sourceTree = "<group>"; };
		D859E8F524AD8B84002E22F4 /* MIDIDriverUtils.h */ = {isa = PBXFileReference; fileEncoding = 4; lastKnownFileType = sourcecode.c.h; path = MIDIDriverUtils.h; sourceTree = "<group>"; };
		D859E8F824AD8C11002E22F4 /* IOServiceClient.cpp */ = {isa = PBXFileReference; fileEncoding = 4; lastKnownFileType = sourcecode.cpp.cpp; path = IOServiceClient.cpp; sourceTree = "<group>"; };
		D859E8F924AD8C11002E22F4 /* IOServiceClient.h */ = {isa = PBXFileReference; fileEncoding = 4; lastKnownFileType = sourcecode.c.h; path = IOServiceClient.h; sourceTree = "<group>"; };
		D859E8FC24AD8C5C002E22F4 /* USBDevice.h */ = {isa = PBXFileReference; fileEncoding = 4; lastKnownFileType = sourcecode.c.h; path = USBDevice.h; sourceTree = "<group>"; };
		D859E8FD24AD8C5D002E22F4 /* USBDevice.cpp */ = {isa = PBXFileReference; fileEncoding = 4; lastKnownFileType = sourcecode.cpp.cpp; path = USBDevice.cpp; sourceTree = "<group>"; };
		D859E90024AD8CD8002E22F4 /* CAMutex.cpp */ = {isa = PBXFileReference; fileEncoding = 4; lastKnownFileType = sourcecode.cpp.cpp; path = CAMutex.cpp; sourceTree = "<group>"; };
		D859E90124AD8CD8002E22F4 /* CADebugMacros.h */ = {isa = PBXFileReference; fileEncoding = 4; lastKnownFileType = sourcecode.c.h; path = CADebugMacros.h; sourceTree = "<group>"; };
		D859E90224AD8CD8002E22F4 /* CADebugMacros.cpp */ = {isa = PBXFileReference; fileEncoding = 4; lastKnownFileType = sourcecode.cpp.cpp; path = CADebugMacros.cpp; sourceTree = "<group>"; };
		D859E90324AD8CD8002E22F4 /* CADebugPrintf.h */ = {isa = PBXFileReference; fileEncoding = 4; lastKnownFileType = sourcecode.c.h; path = CADebugPrintf.h; sourceTree = "<group>"; };
		D859E90424AD8CD8002E22F4 /* CADebugPrintf.cpp */ = {isa = PBXFileReference; fileEncoding = 4; lastKnownFileType = sourcecode.cpp.cpp; path = CADebugPrintf.cpp; sourceTree = "<group>"; };
		D859E90524AD8CD8002E22F4 /* CAHostTimeBase.cpp */ = {isa = PBXFileReference; fileEncoding = 4; lastKnownFileType = sourcecode.cpp.cpp; path = CAHostTimeBase.cpp; sourceTree = "<group>"; };
		D859E90624AD8CD8002E22F4 /* CAHostTimeBase.h */ = {isa = PBXFileReference; fileEncoding = 4; lastKnownFileType = sourcecode.c.h; path = CAHostTimeBase.h; sourceTree = "<group>"; };
		D859E90724AD8CD8002E22F4 /* CAMutex.h */ = {isa = PBXFileReference; fileEncoding = 4; lastKnownFileType = sourcecode.c.h; path = CAMutex.h; sourceTree = "<group>"; };
		D859E90824AD8CD8002E22F4 /* CAException.h */ = {isa = PBXFileReference; fileEncoding = 4; lastKnownFileType = sourcecode.c.h; path = CAException.h; sourceTree = "<group>"; };
		D859E91224AD8D69002E22F4 /* MIDIDriverDevice.h */ = {isa = PBXFileReference; fileEncoding = 4; lastKnownFileType = sourcecode.c.h; path = MIDIDriverDevice.h; sourceTree = "<group>"; };
		D859E91324AD8D69002E22F4 /* MIDIDriverDevice.cpp */ = {isa = PBXFileReference; fileEncoding = 4; lastKnownFileType = sourcecode.cpp.cpp; path = MIDIDriverDevice.cpp; sourceTree = "<group>"; };
		D859E91624AD8D94002E22F4 /* MIDIDriverClass.h */ = {isa = PBXFileReference; fileEncoding = 4; lastKnownFileType = sourcecode.c.h; path = MIDIDriverClass.h; sourceTree = "<group>"; };
		D89D8123183D7B2200446B12 /* Info-MIDISPORT.plist */ = {isa = PBXFileReference; lastKnownFileType = text.plist.xml; path = "Info-MIDISPORT.plist"; sourceTree = "<group>"; };
		D89D8124183D7B2300446B12 /* MIDISPORT.plugin */ = {isa = PBXFileReference; explicitFileType = wrapper.cfbundle; includeInIndex = 0; path = MIDISPORT.plugin; sourceTree = BUILT_PRODUCTS_DIR; };
		D8A20C142431416100BAFBF4 /* CoreMIDI.framework */ = {isa = PBXFileReference; lastKnownFileType = wrapper.framework; name = CoreMIDI.framework; path = System/Library/Frameworks/CoreMIDI.framework; sourceTree = SDKROOT; };
		D8A20C17243142A700BAFBF4 /* CoreFoundation.framework */ = {isa = PBXFileReference; lastKnownFileType = wrapper.framework; name = CoreFoundation.framework; path = System/Library/Frameworks/CoreFoundation.framework; sourceTree = SDKROOT; };
		D8A20C19243142CA00BAFBF4 /* IOKit.framework */ = {isa = PBXFileReference; lastKnownFileType = wrapper.framework; name = IOKit.framework; path = System/Library/Frameworks/IOKit.framework; sourceTree = SDKROOT; };
		D8A20C1E2431510D00BAFBF4 /* CoreAudio.framework */ = {isa = PBXFileReference; lastKnownFileType = wrapper.framework; name = CoreAudio.framework; path = System/Library/Frameworks/CoreAudio.framework; sourceTree = SDKROOT; };
		D8BBDC7522ECE3F500F783B4 /* en */ = {isa = PBXFileReference; lastKnownFileType = text.plist.strings; name = en; path = en.lproj/InfoPlist.strings; sourceTree = "<group>"; };
/* End PBXFileReference section */

/* Begin PBXFrameworksBuildPhase section */
		D89D8119183D7B2200446B12 /* Frameworks */ = {
			isa = PBXFrameworksBuildPhase;
			buildActionMask = 2147483647;
			files = (
				D8A20C1F2431510D00BAFBF4 /* CoreAudio.framework in Frameworks */,
				D8A20C1B243150DD00BAFBF4 /* CoreMIDI.framework in Frameworks */,
				D8A20C1A243142CA00BAFBF4 /* IOKit.framework in Frameworks */,
				D8A20C18243142A700BAFBF4 /* CoreFoundation.framework in Frameworks */,
			);
			runOnlyForDeploymentPostprocessing = 0;
		};
/* End PBXFrameworksBuildPhase section */

/* Begin PBXGroup section */
		06ACAA26005EFDB8CFED3B96 /* Apple Code */ = {
			isa = PBXGroup;
			children = (
				1E21D07BFED9A4DC0A090812 /* USBMIDIDriverBase.cpp */,
				1E21D07CFED9A4DC0A090812 /* USBMIDIDriverBase.h */,
				D8346EF524AD8ABF00A6DAF5 /* USBMIDIDeviceManager.cpp */,
				D8346EF424AD8ABF00A6DAF5 /* USBMIDIDeviceManager.h */,
				D8346EED24AD7E8200A6DAF5 /* USBMIDIDevice.cpp */,
				D8346EEC24AD7E8200A6DAF5 /* USBMIDIDevice.h */,
				D8346EF124AD8A9B00A6DAF5 /* USBDeviceManager.cpp */,
				D8346EF024AD8A9B00A6DAF5 /* USBDeviceManager.h */,
				D859E91324AD8D69002E22F4 /* MIDIDriverDevice.cpp */,
				D859E91224AD8D69002E22F4 /* MIDIDriverDevice.h */,
				D859E91624AD8D94002E22F4 /* MIDIDriverClass.h */,
				D859E8F424AD8B84002E22F4 /* MIDIDriverUtils.cpp */,
				D859E8F524AD8B84002E22F4 /* MIDIDriverUtils.h */,
				D859E8F824AD8C11002E22F4 /* IOServiceClient.cpp */,
				D859E8F924AD8C11002E22F4 /* IOServiceClient.h */,
				D859E8FD24AD8C5D002E22F4 /* USBDevice.cpp */,
				D859E8FC24AD8C5C002E22F4 /* USBDevice.h */,
				D859E90224AD8CD8002E22F4 /* CADebugMacros.cpp */,
				D859E90124AD8CD8002E22F4 /* CADebugMacros.h */,
				D859E90424AD8CD8002E22F4 /* CADebugPrintf.cpp */,
				D859E90324AD8CD8002E22F4 /* CADebugPrintf.h */,
				D859E90824AD8CD8002E22F4 /* CAException.h */,
				D859E90524AD8CD8002E22F4 /* CAHostTimeBase.cpp */,
				D859E90624AD8CD8002E22F4 /* CAHostTimeBase.h */,
				D859E90024AD8CD8002E22F4 /* CAMutex.cpp */,
				D859E90724AD8CD8002E22F4 /* CAMutex.h */,
			);
			name = "Apple Code";
			sourceTree = "<group>";
		};
		089C166AFE841209C02AAC07 /* CFPlugInBundle */ = {
			isa = PBXGroup;
			children = (
				08FB77AFFE84173DC02AAC07 /* Source */,
				089C167CFE841241C02AAC07 /* Resources */,
				19C28FB6FE9D52B211CA2CBB /* Products */,
				D8A20C122431415200BAFBF4 /* Frameworks */,
			);
			name = CFPlugInBundle;
			sourceTree = "<group>";
		};
		089C167CFE841241C02AAC07 /* Resources */ = {
			isa = PBXGroup;
			children = (
				089C167DFE841241C02AAC07 /* InfoPlist.strings */,
				D89D8123183D7B2200446B12 /* Info-MIDISPORT.plist */,
			);
			name = Resources;
			sourceTree = "<group>";
		};
		08FB77AFFE84173DC02AAC07 /* Source */ = {
			isa = PBXGroup;
			children = (
				010D0AFDFEE5F5BB0A090812 /* MIDISPORTUSBDriver.cpp */,
				010D0AFEFEE5F5BB0A090812 /* MIDISPORTUSBDriver.h */,
				06ACAA26005EFDB8CFED3B96 /* Apple Code */,
			);
			name = Source;
			sourceTree = "<group>";
		};
		19C28FB6FE9D52B211CA2CBB /* Products */ = {
			isa = PBXGroup;
			children = (
				D89D8124183D7B2300446B12 /* MIDISPORT.plugin */,
			);
			name = Products;
			sourceTree = "<group>";
		};
		D8A20C122431415200BAFBF4 /* Frameworks */ = {
			isa = PBXGroup;
			children = (
				D8A20C1E2431510D00BAFBF4 /* CoreAudio.framework */,
				D8A20C19243142CA00BAFBF4 /* IOKit.framework */,
				D8A20C17243142A700BAFBF4 /* CoreFoundation.framework */,
				D8A20C142431416100BAFBF4 /* CoreMIDI.framework */,
			);
			name = Frameworks;
			sourceTree = "<group>";
		};
/* End PBXGroup section */

/* Begin PBXHeadersBuildPhase section */
		D89D8103183D7B2200446B12 /* Headers */ = {
			isa = PBXHeadersBuildPhase;
			buildActionMask = 2147483647;
			files = (
				D89D8104183D7B2200446B12 /* MIDISPORTUSBDriver.h in Headers */,
				D8346EF224AD8A9B00A6DAF5 /* USBDeviceManager.h in Headers */,
				D859E8FE24AD8C5D002E22F4 /* USBDevice.h in Headers */,
				D859E90A24AD8CD8002E22F4 /* CADebugMacros.h in Headers */,
				D859E91124AD8CD8002E22F4 /* CAException.h in Headers */,
				D89D8107183D7B2200446B12 /* USBMIDIDriverBase.h in Headers */,
				D859E91724AD8D94002E22F4 /* MIDIDriverClass.h in Headers */,
				D859E90C24AD8CD8002E22F4 /* CADebugPrintf.h in Headers */,
				D859E90F24AD8CD8002E22F4 /* CAHostTimeBase.h in Headers */,
				D8346EEE24AD7E8200A6DAF5 /* USBMIDIDevice.h in Headers */,
				D859E91424AD8D69002E22F4 /* MIDIDriverDevice.h in Headers */,
				D859E8F724AD8B84002E22F4 /* MIDIDriverUtils.h in Headers */,
				D859E8FB24AD8C11002E22F4 /* IOServiceClient.h in Headers */,
				D859E91024AD8CD8002E22F4 /* CAMutex.h in Headers */,
			);
			runOnlyForDeploymentPostprocessing = 0;
		};
/* End PBXHeadersBuildPhase section */

/* Begin PBXNativeTarget section */
		D89D8102183D7B2200446B12 /* MIDISPORT */ = {
			isa = PBXNativeTarget;
			buildConfigurationList = D89D811F183D7B2200446B12 /* Build configuration list for PBXNativeTarget "MIDISPORT" */;
			buildPhases = (
				D89D8103183D7B2200446B12 /* Headers */,
				D89D810B183D7B2200446B12 /* Resources */,
				D89D810D183D7B2200446B12 /* Sources */,
				D89D8119183D7B2200446B12 /* Frameworks */,
				D89D811E183D7B2200446B12 /* Rez */,
			);
			buildRules = (
			);
			dependencies = (
			);
			name = MIDISPORT;
			productInstallPath = "/Library/Audio/MIDI Drivers";
			productName = MIDISPORT2x2;
			productReference = D89D8124183D7B2300446B12 /* MIDISPORT.plugin */;
			productType = "com.apple.product-type.bundle";
		};
/* End PBXNativeTarget section */

/* Begin PBXProject section */
		089C1669FE841209C02AAC07 /* Project object */ = {
			isa = PBXProject;
			attributes = {
				LastUpgradeCheck = 1030;
			};
			buildConfigurationList = D8EA9071183D17D200F595A8 /* Build configuration list for PBXProject "MIDISPORT" */;
			compatibilityVersion = "Xcode 10.0";
			developmentRegion = en;
			hasScannedForEncodings = 0;
			knownRegions = (
				en,
				Base,
			);
			mainGroup = 089C166AFE841209C02AAC07 /* CFPlugInBundle */;
			projectDirPath = "";
			projectRoot = "";
			targets = (
				D89D8102183D7B2200446B12 /* MIDISPORT */,
			);
		};
/* End PBXProject section */

/* Begin PBXResourcesBuildPhase section */
		D89D810B183D7B2200446B12 /* Resources */ = {
			isa = PBXResourcesBuildPhase;
			buildActionMask = 2147483647;
			files = (
				D89D810C183D7B2200446B12 /* InfoPlist.strings in Resources */,
			);
			runOnlyForDeploymentPostprocessing = 0;
		};
/* End PBXResourcesBuildPhase section */

/* Begin PBXRezBuildPhase section */
		D89D811E183D7B2200446B12 /* Rez */ = {
			isa = PBXRezBuildPhase;
			buildActionMask = 2147483647;
			files = (
			);
			runOnlyForDeploymentPostprocessing = 0;
		};
/* End PBXRezBuildPhase section */

/* Begin PBXSourcesBuildPhase section */
		D89D810D183D7B2200446B12 /* Sources */ = {
			isa = PBXSourcesBuildPhase;
			buildActionMask = 2147483647;
			files = (
				D8346EEF24AD7E8200A6DAF5 /* USBMIDIDevice.cpp in Sources */,
				D8346EF324AD8A9B00A6DAF5 /* USBDeviceManager.cpp in Sources */,
				D859E8FF24AD8C5D002E22F4 /* USBDevice.cpp in Sources */,
				D859E91524AD8D69002E22F4 /* MIDIDriverDevice.cpp in Sources */,
				D859E8F624AD8B84002E22F4 /* MIDIDriverUtils.cpp in Sources */,
				D859E90924AD8CD8002E22F4 /* CAMutex.cpp in Sources */,
				D89D8110183D7B2200446B12 /* USBMIDIDriverBase.cpp in Sources */,
				D859E90E24AD8CD8002E22F4 /* CAHostTimeBase.cpp in Sources */,
				D859E8FA24AD8C11002E22F4 /* IOServiceClient.cpp in Sources */,
				D8346EF624AD8ABF00A6DAF5 /* USBMIDIDeviceManager.cpp in Sources */,
				D859E90D24AD8CD8002E22F4 /* CADebugPrintf.cpp in Sources */,
				D859E90B24AD8CD8002E22F4 /* CADebugMacros.cpp in Sources */,
				D89D8112183D7B2200446B12 /* MIDISPORTUSBDriver.cpp in Sources */,
			);
			runOnlyForDeploymentPostprocessing = 0;
		};
/* End PBXSourcesBuildPhase section */

/* Begin PBXVariantGroup section */
		089C167DFE841241C02AAC07 /* InfoPlist.strings */ = {
			isa = PBXVariantGroup;
			children = (
				D8BBDC7522ECE3F500F783B4 /* en */,
			);
			name = InfoPlist.strings;
			sourceTree = "<group>";
		};
/* End PBXVariantGroup section */

/* Begin XCBuildConfiguration section */
		D89D8120183D7B2200446B12 /* Development */ = {
			isa = XCBuildConfiguration;
			buildSettings = {
				CLANG_ENABLE_OBJC_WEAK = YES;
				COMBINE_HIDPI_IMAGES = YES;
				COPY_PHASE_STRIP = NO;
				FRAMEWORK_SEARCH_PATHS = (
					"\"$(SYSTEM_LIBRARY_DIR)/Frameworks\"",
					"$(SDKROOT)/../MacOSX.sdk/System/Library/Frameworks",
				);
				GCC_DYNAMIC_NO_PIC = NO;
				GCC_GENERATE_DEBUGGING_SYMBOLS = YES;
				GCC_OPTIMIZATION_LEVEL = 0;
				GCC_PREPROCESSOR_DEFINITIONS = DEBUG;
				GCC_SYMBOLS_PRIVATE_EXTERN = NO;
				HEADER_SEARCH_PATHS = .;
				INFOPLIST_FILE = "Info-MIDISPORT.plist";
				INSTALL_PATH = "/Library/Audio/MIDI Drivers";
				LIBRARY_SEARCH_PATHS = "";
				OTHER_CFLAGS = "";
				OTHER_LDFLAGS = "-lstdc++";
				OTHER_REZFLAGS = "";
				PRODUCT_BUNDLE_IDENTIFIER = com.leighsmith.midi.driver.midisport;
				PRODUCT_NAME = MIDISPORT;
				SECTORDER_FLAGS = "";
				WARNING_CFLAGS = (
					"-Wmost",
					"-Wno-four-char-constants",
					"-Wno-unknown-pragmas",
				);
				WRAPPER_EXTENSION = plugin;
				ZERO_LINK = YES;
			};
			name = Development;
		};
		D89D8121183D7B2200446B12 /* Deployment */ = {
			isa = XCBuildConfiguration;
			buildSettings = {
				CLANG_ENABLE_OBJC_WEAK = YES;
				COMBINE_HIDPI_IMAGES = YES;
				COPY_PHASE_STRIP = YES;
				FRAMEWORK_SEARCH_PATHS = (
					"\"$(SYSTEM_LIBRARY_DIR)/Frameworks\"",
					"$(SDKROOT)/../MacOSX.sdk/System/Library/Frameworks",
				);
				GCC_PREPROCESSOR_DEFINITIONS = DEBUG;
				GCC_SYMBOLS_PRIVATE_EXTERN = NO;
				HEADER_SEARCH_PATHS = .;
				INFOPLIST_FILE = "Info-MIDISPORT.plist";
				INSTALL_PATH = "/Library/Audio/MIDI Drivers";
				LIBRARY_SEARCH_PATHS = "";
				OTHER_CFLAGS = "";
				OTHER_LDFLAGS = "-lstdc++";
				OTHER_REZFLAGS = "";
				PRODUCT_BUNDLE_IDENTIFIER = com.leighsmith.midi.driver.midisport;
				PRODUCT_NAME = MIDISPORT;
				SECTORDER_FLAGS = "";
				WARNING_CFLAGS = (
					"-Wmost",
					"-Wno-four-char-constants",
					"-Wno-unknown-pragmas",
				);
				WRAPPER_EXTENSION = plugin;
				ZERO_LINK = NO;
			};
			name = Deployment;
		};
		D89D8122183D7B2200446B12 /* Default */ = {
			isa = XCBuildConfiguration;
			buildSettings = {
				CLANG_ENABLE_OBJC_WEAK = YES;
				COMBINE_HIDPI_IMAGES = YES;
				FRAMEWORK_SEARCH_PATHS = (
					"\"$(SYSTEM_LIBRARY_DIR)/Frameworks\"",
					"$(SDKROOT)/../MacOSX.sdk/System/Library/Frameworks",
				);
				GCC_PREPROCESSOR_DEFINITIONS = DEBUG;
				GCC_SYMBOLS_PRIVATE_EXTERN = NO;
				HEADER_SEARCH_PATHS = .;
				INFOPLIST_FILE = "Info-MIDISPORT.plist";
				INSTALL_PATH = "/Library/Audio/MIDI Drivers";
				LIBRARY_SEARCH_PATHS = "";
				OTHER_CFLAGS = "";
				OTHER_LDFLAGS = "-lstdc++";
				OTHER_REZFLAGS = "";
				PRODUCT_BUNDLE_IDENTIFIER = com.leighsmith.midi.driver.midisport;
				PRODUCT_NAME = MIDISPORT;
				SECTORDER_FLAGS = "";
				WARNING_CFLAGS = (
					"-Wmost",
					"-Wno-four-char-constants",
					"-Wno-unknown-pragmas",
				);
				WRAPPER_EXTENSION = plugin;
			};
			name = Default;
		};
		D8EA906B183D17D100F595A8 /* Development */ = {
			isa = XCBuildConfiguration;
			buildSettings = {
				ALWAYS_SEARCH_USER_PATHS = NO;
				CLANG_ANALYZER_LOCALIZABILITY_NONLOCALIZED = YES;
				CLANG_WARN_BLOCK_CAPTURE_AUTORELEASING = YES;
				CLANG_WARN_BOOL_CONVERSION = YES;
				CLANG_WARN_COMMA = YES;
				CLANG_WARN_CONSTANT_CONVERSION = YES;
				CLANG_WARN_DEPRECATED_OBJC_IMPLEMENTATIONS = YES;
				CLANG_WARN_EMPTY_BODY = YES;
				CLANG_WARN_ENUM_CONVERSION = YES;
				CLANG_WARN_INFINITE_RECURSION = YES;
				CLANG_WARN_INT_CONVERSION = YES;
				CLANG_WARN_NON_LITERAL_NULL_CONVERSION = YES;
				CLANG_WARN_OBJC_IMPLICIT_RETAIN_SELF = YES;
				CLANG_WARN_OBJC_LITERAL_CONVERSION = YES;
				CLANG_WARN_RANGE_LOOP_ANALYSIS = YES;
				CLANG_WARN_STRICT_PROTOTYPES = YES;
				CLANG_WARN_SUSPICIOUS_MOVE = YES;
				CLANG_WARN_UNREACHABLE_CODE = YES;
				CLANG_WARN__DUPLICATE_METHOD_MATCH = YES;
				ENABLE_STRICT_OBJC_MSGSEND = YES;
				ENABLE_TESTABILITY = YES;
				GCC_NO_COMMON_BLOCKS = YES;
				GCC_WARN_64_TO_32_BIT_CONVERSION = YES;
				GCC_WARN_ABOUT_RETURN_TYPE = YES;
				GCC_WARN_UNDECLARED_SELECTOR = YES;
				GCC_WARN_UNINITIALIZED_AUTOS = YES;
				GCC_WARN_UNUSED_FUNCTION = YES;
				GCC_WARN_UNUSED_VARIABLE = YES;
				MACOSX_DEPLOYMENT_TARGET = 10.14;
				ONLY_ACTIVE_ARCH = YES;
			};
			name = Development;
		};
		D8EA906C183D17D100F595A8 /* Deployment */ = {
			isa = XCBuildConfiguration;
			buildSettings = {
				ALWAYS_SEARCH_USER_PATHS = NO;
				CLANG_ANALYZER_LOCALIZABILITY_NONLOCALIZED = YES;
				CLANG_WARN_BLOCK_CAPTURE_AUTORELEASING = YES;
				CLANG_WARN_BOOL_CONVERSION = YES;
				CLANG_WARN_COMMA = YES;
				CLANG_WARN_CONSTANT_CONVERSION = YES;
				CLANG_WARN_DEPRECATED_OBJC_IMPLEMENTATIONS = YES;
				CLANG_WARN_EMPTY_BODY = YES;
				CLANG_WARN_ENUM_CONVERSION = YES;
				CLANG_WARN_INFINITE_RECURSION = YES;
				CLANG_WARN_INT_CONVERSION = YES;
				CLANG_WARN_NON_LITERAL_NULL_CONVERSION = YES;
				CLANG_WARN_OBJC_IMPLICIT_RETAIN_SELF = YES;
				CLANG_WARN_OBJC_LITERAL_CONVERSION = YES;
				CLANG_WARN_RANGE_LOOP_ANALYSIS = YES;
				CLANG_WARN_STRICT_PROTOTYPES = YES;
				CLANG_WARN_SUSPICIOUS_MOVE = YES;
				CLANG_WARN_UNREACHABLE_CODE = YES;
				CLANG_WARN__DUPLICATE_METHOD_MATCH = YES;
				ENABLE_STRICT_OBJC_MSGSEND = YES;
				GCC_NO_COMMON_BLOCKS = YES;
				GCC_WARN_64_TO_32_BIT_CONVERSION = YES;
				GCC_WARN_ABOUT_RETURN_TYPE = YES;
				GCC_WARN_UNDECLARED_SELECTOR = YES;
				GCC_WARN_UNINITIALIZED_AUTOS = YES;
				GCC_WARN_UNUSED_FUNCTION = YES;
				GCC_WARN_UNUSED_VARIABLE = YES;
				MACOSX_DEPLOYMENT_TARGET = 10.14;
			};
			name = Deployment;
		};
		D8EA906D183D17D100F595A8 /* Default */ = {
			isa = XCBuildConfiguration;
			buildSettings = {
				ALWAYS_SEARCH_USER_PATHS = NO;
				CLANG_ANALYZER_LOCALIZABILITY_NONLOCALIZED = YES;
				CLANG_WARN_BLOCK_CAPTURE_AUTORELEASING = YES;
				CLANG_WARN_BOOL_CONVERSION = YES;
				CLANG_WARN_COMMA = YES;
				CLANG_WARN_CONSTANT_CONVERSION = YES;
				CLANG_WARN_DEPRECATED_OBJC_IMPLEMENTATIONS = YES;
				CLANG_WARN_EMPTY_BODY = YES;
				CLANG_WARN_ENUM_CONVERSION = YES;
				CLANG_WARN_INFINITE_RECURSION = YES;
				CLANG_WARN_INT_CONVERSION = YES;
				CLANG_WARN_NON_LITERAL_NULL_CONVERSION = YES;
				CLANG_WARN_OBJC_IMPLICIT_RETAIN_SELF = YES;
				CLANG_WARN_OBJC_LITERAL_CONVERSION = YES;
				CLANG_WARN_RANGE_LOOP_ANALYSIS = YES;
				CLANG_WARN_STRICT_PROTOTYPES = YES;
				CLANG_WARN_SUSPICIOUS_MOVE = YES;
				CLANG_WARN_UNREACHABLE_CODE = YES;
				CLANG_WARN__DUPLICATE_METHOD_MATCH = YES;
				ENABLE_STRICT_OBJC_MSGSEND = YES;
				GCC_NO_COMMON_BLOCKS = YES;
				GCC_WARN_64_TO_32_BIT_CONVERSION = YES;
				GCC_WARN_ABOUT_RETURN_TYPE = YES;
				GCC_WARN_UNDECLARED_SELECTOR = YES;
				GCC_WARN_UNINITIALIZED_AUTOS = YES;
				GCC_WARN_UNUSED_FUNCTION = YES;
				GCC_WARN_UNUSED_VARIABLE = YES;
				MACOSX_DEPLOYMENT_TARGET = 10.14;
			};
			name = Default;
		};
/* End XCBuildConfiguration section */

/* Begin XCConfigurationList section */
		D89D811F183D7B2200446B12 /* Build configuration list for PBXNativeTarget "MIDISPORT" */ = {
			isa = XCConfigurationList;
			buildConfigurations = (
				D89D8120183D7B2200446B12 /* Development */,
				D89D8121183D7B2200446B12 /* Deployment */,
				D89D8122183D7B2200446B12 /* Default */,
			);
			defaultConfigurationIsVisible = 0;
			defaultConfigurationName = Default;
		};
		D8EA9071183D17D200F595A8 /* Build configuration list for PBXProject "MIDISPORT" */ = {
			isa = XCConfigurationList;
			buildConfigurations = (
				D8EA906B183D17D100F595A8 /* Development */,
				D8EA906C183D17D100F595A8 /* Deployment */,
				D8EA906D183D17D100F595A8 /* Default */,
			);
			defaultConfigurationIsVisible = 0;
			defaultConfigurationName = Default;
		};
/* End XCConfigurationList section */
	};
	rootObject = 089C1669FE841209C02AAC07 /* Project object */;
}
